<?xml version="1.0" encoding="utf-8"?>
<Project ToolsVersion="4.0" xmlns="http://schemas.microsoft.com/developer/msbuild/2003">
  <ItemGroup>
    <Filter Include="Source">
      <UniqueIdentifier>{4FC737F1-C7A5-4376-A066-2A32D752A2FF}</UniqueIdentifier>
      <Extensions>cpp;c;cc;cxx;c++;cppm;ixx;def;odl;idl;hpj;bat;asm;asmx</Extensions>
    </Filter>
    <Filter Include="Source\Engine">
      <UniqueIdentifier>{85d5092b-0273-4bc6-9295-a0f52e35fa44}</UniqueIdentifier>
    </Filter>
    <Filter Include="Source\Game">
      <UniqueIdentifier>{465c62b8-ba41-4921-bffd-b990489be71e}</UniqueIdentifier>
    </Filter>
    <Filter Include="Source\Engine\WinApp">
      <UniqueIdentifier>{01e37e2c-4abe-462d-a78f-5b60c43e6b66}</UniqueIdentifier>
    </Filter>
    <Filter Include="Source\Engine\Func">
      <UniqueIdentifier>{e0c3f47b-141f-43e3-b983-023c345686b5}</UniqueIdentifier>
    </Filter>
    <Filter Include="Source\Engine\Func\ConvertString">
      <UniqueIdentifier>{badfd8f0-2cc9-4676-8157-45f7585708a1}</UniqueIdentifier>
    </Filter>
    <Filter Include="Source\Math">
      <UniqueIdentifier>{34d019a1-8697-4a15-a512-dded0008e1aa}</UniqueIdentifier>
    </Filter>
    <Filter Include="Source\Math\Matrix">
      <UniqueIdentifier>{31c9a3ef-0ed1-430b-846c-250e31c7790a}</UniqueIdentifier>
    </Filter>
    <Filter Include="Source\Math\Vector">
      <UniqueIdentifier>{dfa0b0b3-788b-41ce-ae2d-3aec625afe05}</UniqueIdentifier>
    </Filter>
    <Filter Include="Source\Math\Quaternion">
      <UniqueIdentifier>{f701e057-b977-43a2-a392-7618bf2b0029}</UniqueIdentifier>
    </Filter>
    <Filter Include="Source\Math\Matrix\Matrix4x4">
      <UniqueIdentifier>{3dec66e0-3f81-4194-b880-4704225cd4a9}</UniqueIdentifier>
    </Filter>
    <Filter Include="Source\Math\Matrix\Matrix3x3">
      <UniqueIdentifier>{7ce12766-21cd-4294-bee7-ff3f8b115534}</UniqueIdentifier>
    </Filter>
    <Filter Include="Source\Math\Vector\Vector2">
      <UniqueIdentifier>{217b05d3-0c19-4dbe-9ac7-fca77a5a852d}</UniqueIdentifier>
    </Filter>
    <Filter Include="Source\Math\Vector\Vector3">
      <UniqueIdentifier>{257ff5c3-3f25-4d99-8eac-5dbe54297374}</UniqueIdentifier>
    </Filter>
    <Filter Include="Source\Math\Vector\Vector4">
      <UniqueIdentifier>{845236ab-d7f3-4673-bb1a-e4915fcca19c}</UniqueIdentifier>
    </Filter>
    <Filter Include="Source\Engine\Logger">
      <UniqueIdentifier>{57125a32-a15f-4814-80f3-2a658f909ab7}</UniqueIdentifier>
    </Filter>
    <Filter Include="Source\Engine\Func\CrashHandler">
      <UniqueIdentifier>{4efaad5f-64d7-472d-a96d-c1663f83cbf0}</UniqueIdentifier>
    </Filter>
    <Filter Include="Source\Engine\RenderContext">
      <UniqueIdentifier>{73c90f85-23c0-4a4d-bc05-b0136a019bc9}</UniqueIdentifier>
    </Filter>
    <Filter Include="Source\Engine\RenderContext\DXCore">
      <UniqueIdentifier>{d08dbafc-e64f-4e2b-94ba-41f02160d595}</UniqueIdentifier>
    </Filter>
    <Filter Include="Source\Engine\RenderContext\DXCommand">
      <UniqueIdentifier>{0529099d-8a87-4c04-a539-1afeb9fbe247}</UniqueIdentifier>
    </Filter>
    <Filter Include="Source\Engine\DXDebug">
      <UniqueIdentifier>{3324bf0c-a359-474d-9693-678f9b2f16cc}</UniqueIdentifier>
    </Filter>
    <Filter Include="Source\Engine\RenderContext\DXFence">
      <UniqueIdentifier>{a8d01a38-6c07-4fea-a7c5-6ecbd9a6b0af}</UniqueIdentifier>
    </Filter>
    <Filter Include="Source\Engine\RenderContext\DXHeap">
      <UniqueIdentifier>{b3430498-9cf6-4db4-848a-973844b24b67}</UniqueIdentifier>
    </Filter>
    <Filter Include="Source\Engine\RenderContext\DXSwapChain">
      <UniqueIdentifier>{144b6966-4a84-4710-9b77-8b9fc4d5c5e6}</UniqueIdentifier>
    </Filter>
    <Filter Include="Source\Engine\Func\Barrier">
      <UniqueIdentifier>{6929b12b-9e00-48fa-a677-67377c3774eb}</UniqueIdentifier>
    </Filter>
    <Filter Include="Source\Engine\RenderContext\MultiPass">
      <UniqueIdentifier>{9b5f33d0-7bfb-4001-a9d0-7adf1b7a6c8b}</UniqueIdentifier>
    </Filter>
    <Filter Include="Source\Engine\Resource">
      <UniqueIdentifier>{7d225e92-3cb2-4f4f-a6c0-d15436c9de65}</UniqueIdentifier>
    </Filter>
    <Filter Include="Source\Engine\Resource\ConstantBufferResource">
      <UniqueIdentifier>{4b3edc40-a816-4a32-b980-3c4c48061954}</UniqueIdentifier>
    </Filter>
    <Filter Include="Source\Engine\Resource\OffscreenResource">
      <UniqueIdentifier>{6023b159-93c0-4185-ba50-8d59752aa51f}</UniqueIdentifier>
    </Filter>
    <Filter Include="Source\Engine\Resource\StructuredBufferResource">
      <UniqueIdentifier>{de499d68-b3da-4dd5-9335-ae8271c63055}</UniqueIdentifier>
    </Filter>
    <Filter Include="Source\Engine\Func\ResourceFunc">
      <UniqueIdentifier>{53d56efd-f37c-4650-a159-9953122ef7bd}</UniqueIdentifier>
    </Filter>
    <Filter Include="Source\Engine\Resource\DepthResource">
      <UniqueIdentifier>{678d2d2f-a991-4481-8228-f6abdd4aa12c}</UniqueIdentifier>
    </Filter>
    <Filter Include="Source\Engine\RenderContext\MultiPass\RenderTargetPool">
      <UniqueIdentifier>{27512a54-4a1e-4bac-be69-2f095bc1fbf2}</UniqueIdentifier>
    </Filter>
    <Filter Include="Shader">
      <UniqueIdentifier>{8c17e7aa-a72a-40a2-805d-1732c09507f7}</UniqueIdentifier>
    </Filter>
    <Filter Include="Shader\Fullscreen">
      <UniqueIdentifier>{bc083508-dc07-4d40-a4ea-87d98a33f116}</UniqueIdentifier>
    </Filter>
    <Filter Include="Shader\SwapChainCopy">
      <UniqueIdentifier>{2b85c17a-5237-4e54-9d56-c21e29ceb3fe}</UniqueIdentifier>
    </Filter>
    <Filter Include="Source\Engine\RenderContext\MultiPass\SwapChainCopyPSO">
      <UniqueIdentifier>{55c3e983-2e1a-4e98-8c7f-e5a4755948ca}</UniqueIdentifier>
    </Filter>
    <Filter Include="Source\Engine\RenderContext\MultiPass\RenderPassSystem">
      <UniqueIdentifier>{3fa2dc91-299b-41ec-9fd1-dbb93572ca45}</UniqueIdentifier>
    </Filter>
    <Filter Include="Source\Engine\Store">
      <UniqueIdentifier>{bd4a019b-8fd7-42b8-b850-c93fd94071ef}</UniqueIdentifier>
    </Filter>
    <Filter Include="Source\Engine\Store\TextureStore">
      <UniqueIdentifier>{f5b04a9c-a1dd-4af3-91ee-9a25bbe8bc6a}</UniqueIdentifier>
    </Filter>
    <Filter Include="Source\Engine\Func\TextureFunc">
      <UniqueIdentifier>{0b0b20f6-2563-4250-84e3-1154594669cf}</UniqueIdentifier>
    </Filter>
    <Filter Include="Source\Engine\Func\RandomFunc">
      <UniqueIdentifier>{acd4d1ac-d122-4333-b7a7-f6431382c7ce}</UniqueIdentifier>
    </Filter>
    <Filter Include="Source\Engine\Audio">
      <UniqueIdentifier>{cb1ee9fd-86c3-4a20-888d-cb2e4e955ed8}</UniqueIdentifier>
    </Filter>
    <Filter Include="Source\Engine\Audio\AudioStore">
      <UniqueIdentifier>{4b685ee3-7b77-4e55-96e8-0c8e7528ef48}</UniqueIdentifier>
    </Filter>
    <Filter Include="Source\Tool">
      <UniqueIdentifier>{2ec14736-53e7-42d8-9413-de6f449827af}</UniqueIdentifier>
    </Filter>
    <Filter Include="Source\Tool\PSO">
      <UniqueIdentifier>{65b3b28c-d6c1-4584-93be-acfd1c4bc1dd}</UniqueIdentifier>
    </Filter>
    <Filter Include="Source\Tool\PSO\PSODescription">
      <UniqueIdentifier>{75b41520-9bd1-4858-8427-e12681b576c6}</UniqueIdentifier>
    </Filter>
    <Filter Include="Source\Tool\PSO\DynamicPSOBuilder">
      <UniqueIdentifier>{f58adbe1-ce38-4752-b0e4-e1712bc456f7}</UniqueIdentifier>
    </Filter>
    <Filter Include="Source\Tool\PSO\PSOEditor">
      <UniqueIdentifier>{3f802197-5fc7-477c-9976-03ed12bd090f}</UniqueIdentifier>
    </Filter>
    <Filter Include="Source\Tool\Shader">
      <UniqueIdentifier>{df470403-a9ec-4a9b-944d-fa30b137c14b}</UniqueIdentifier>
    </Filter>
    <Filter Include="Source\Tool\Shader\ShaderEditor">
      <UniqueIdentifier>{51ad5843-9868-4121-ba86-ef11dd6ba58c}</UniqueIdentifier>
    </Filter>
    <Filter Include="Source\Engine\RenderContext\ImGuiRender">
      <UniqueIdentifier>{0bdc9465-b915-4510-97ef-34a3df26a554}</UniqueIdentifier>
    </Filter>
    <Filter Include="Source\Tool\Shader\ShaderCompiler">
      <UniqueIdentifier>{c6dc3cf3-3fb1-4b17-89d7-e6a9da5960d3}</UniqueIdentifier>
    </Filter>
    <Filter Include="Source\Engine\Resource\IndexBufferResource">
      <UniqueIdentifier>{d485c078-bb00-45cb-9594-205061548509}</UniqueIdentifier>
    </Filter>
    <Filter Include="Source\Engine\Resource\VertexBufferResource">
      <UniqueIdentifier>{f71f5110-8ca9-4aff-b508-237b54b0084c}</UniqueIdentifier>
    </Filter>
    <Filter Include="Shader\Skybox">
      <UniqueIdentifier>{6dd10d13-d065-4d03-8629-d42046904b52}</UniqueIdentifier>
    </Filter>
    <Filter Include="Source\Engine\Func\ModelFunc">
      <UniqueIdentifier>{45d5d421-b1e6-424b-9ca3-bdf7294d6faf}</UniqueIdentifier>
    </Filter>
    <Filter Include="Source\Engine\RenderContext\Render">
      <UniqueIdentifier>{f850ea66-9c97-4ae6-9084-2fd845ba0dc4}</UniqueIdentifier>
    </Filter>
    <Filter Include="Source\Engine\RenderContext\Render\SkyboxSystem">
      <UniqueIdentifier>{5fb22016-e1ac-41c1-91a6-6911246f5592}</UniqueIdentifier>
    </Filter>
    <Filter Include="Source\Engine\RenderContext\Render\SkyboxSystem\SkyboxPSO">
      <UniqueIdentifier>{2a451371-00b8-433a-ba22-de8e229e0725}</UniqueIdentifier>
    </Filter>
    <Filter Include="Source\Engine\RenderContext\Render\RenderSystem">
      <UniqueIdentifier>{558f52e3-1dc7-4489-ad55-9e8dbcec9afb}</UniqueIdentifier>
    </Filter>
    <Filter Include="Source\Tool\Texture">
      <UniqueIdentifier>{8e4a737c-4394-454b-8002-5db16867b3e1}</UniqueIdentifier>
    </Filter>
    <Filter Include="Source\Tool\Texture\TextureEditor">
      <UniqueIdentifier>{cafa9372-fcf7-453c-b50c-bbbae9cc23d5}</UniqueIdentifier>
    </Filter>
    <Filter Include="Source\Tool\ECS">
      <UniqueIdentifier>{a7942847-ec76-4196-a72f-736eba0c5f62}</UniqueIdentifier>
    </Filter>
    <Filter Include="Source\Tool\ECS\ComponentECS">
      <UniqueIdentifier>{a3f01daa-65e4-477b-9c91-7c7cae9c9c5c}</UniqueIdentifier>
    </Filter>
    <Filter Include="Source\Tool\ECS\RegistryECS">
      <UniqueIdentifier>{51b2b84c-4d40-43f6-8dcd-5b3a9117dc5a}</UniqueIdentifier>
    </Filter>
    <Filter Include="Source\Tool\ECS\EntityECS">
      <UniqueIdentifier>{f8fbbdc3-ae90-458d-98db-f9d6ff15b1e8}</UniqueIdentifier>
    </Filter>
    <Filter Include="Source\Tool\ECS\ECSEditor">
      <UniqueIdentifier>{34d103fd-0c81-4d51-b520-93273e3c0165}</UniqueIdentifier>
    </Filter>
    <Filter Include="Source\Tool\ECS\ECSEditor\HierarchyUI">
      <UniqueIdentifier>{2c6d3d4e-03bb-432c-92e7-7c3d9456356a}</UniqueIdentifier>
    </Filter>
    <Filter Include="Source\Tool\ECS\ECSEditor\InspectorUI">
      <UniqueIdentifier>{265712d5-07f3-4fc7-aa42-806225b5d3de}</UniqueIdentifier>
    </Filter>
  </ItemGroup>
  <ItemGroup>
    <ClCompile Include="Source\Engine\Engine.cpp">
      <Filter>Source\Engine</Filter>
    </ClCompile>
    <ClCompile Include="Source\Game\Game.cpp">
      <Filter>Source\Game</Filter>
    </ClCompile>
    <ClCompile Include="Source\Engine\WinApp\WinApp.cpp">
      <Filter>Source\Engine\WinApp</Filter>
    </ClCompile>
    <ClCompile Include="Source\Engine\Func\ConvertString\ConvertString.cpp">
      <Filter>Source\Engine\Func\ConvertString</Filter>
    </ClCompile>
    <ClCompile Include="Source\Math\Matrix\Matrix4x4\Matrix4x4.cpp">
      <Filter>Source\Math\Matrix\Matrix4x4</Filter>
    </ClCompile>
    <ClCompile Include="Source\Math\Matrix\Matrix3x3\Matrix3x3.cpp">
      <Filter>Source\Math\Matrix\Matrix3x3</Filter>
    </ClCompile>
    <ClCompile Include="Source\Math\Quaternion\Quaternion.cpp">
      <Filter>Source\Math\Quaternion</Filter>
    </ClCompile>
    <ClCompile Include="Source\Math\Vector\Vector2\Vector2.cpp">
      <Filter>Source\Math\Vector\Vector2</Filter>
    </ClCompile>
    <ClCompile Include="Source\Math\Vector\Vector3\Vector3.cpp">
      <Filter>Source\Math\Vector\Vector3</Filter>
    </ClCompile>
    <ClCompile Include="Source\Math\Vector\Vector4\Vector4.cpp">
      <Filter>Source\Math\Vector\Vector4</Filter>
    </ClCompile>
    <ClCompile Include="main.cpp">
      <Filter>Source</Filter>
    </ClCompile>
    <ClCompile Include="Source\Engine\Logger\Logger.cpp">
      <Filter>Source\Engine\Logger</Filter>
    </ClCompile>
    <ClCompile Include="Source\Engine\Func\CrashHandler\CrashHandler.cpp">
      <Filter>Source\Engine\Func\CrashHandler</Filter>
    </ClCompile>
    <ClCompile Include="Source\Tool\Shader\ShaderCompiler\ShaderCompiler.cpp">
      <Filter>Source\Tool\Shader\ShaderCompiler</Filter>
    </ClCompile>
    <ClCompile Include="Source\Engine\RenderContext\RenderContext.cpp">
      <Filter>Source\Engine\RenderContext</Filter>
    </ClCompile>
    <ClCompile Include="Source\Engine\RenderContext\DXCore\DXCore.cpp">
      <Filter>Source\Engine\RenderContext\DXCore</Filter>
    </ClCompile>
    <ClCompile Include="Source\Engine\RenderContext\DXCommand\DXCommand.cpp">
      <Filter>Source\Engine\RenderContext\DXCommand</Filter>
    </ClCompile>
    <ClCompile Include="Source\Engine\DXDebug\DXDebug.cpp">
      <Filter>Source\Engine\DXDebug</Filter>
    </ClCompile>
    <ClCompile Include="Source\Engine\RenderContext\DXFence\DXFence.cpp">
      <Filter>Source\Engine\RenderContext\DXFence</Filter>
    </ClCompile>
    <ClCompile Include="Source\Engine\RenderContext\DXHeap\DXHeap.cpp">
      <Filter>Source\Engine\RenderContext\DXHeap</Filter>
    </ClCompile>
    <ClCompile Include="Source\Engine\RenderContext\DXSwapChain\DXSwapChain.cpp">
      <Filter>Source\Engine\RenderContext\DXSwapChain</Filter>
    </ClCompile>
    <ClCompile Include="Source\Engine\Func\Barrier\Barrier.cpp">
      <Filter>Source\Engine\Func\Barrier</Filter>
    </ClCompile>
    <ClCompile Include="Source\Tool\ECS\RegistryECS\RegistryECS.cpp">
      <Filter>Source\Tool\ECS\RegistryECS</Filter>
    </ClCompile>
    <ClCompile Include="Source\Engine\RenderContext\MultiPass\MultiPass.cpp">
      <Filter>Source\Engine\RenderContext\MultiPass</Filter>
    </ClCompile>
    <ClCompile Include="Source\Engine\Func\ResourceFunc\ResourceFunc.cpp">
      <Filter>Source\Engine\Func\ResourceFunc</Filter>
    </ClCompile>
    <ClCompile Include="Source\Engine\Resource\OffscreenResource\OffscreenResource.cpp">
      <Filter>Source\Engine\Resource\OffscreenResource</Filter>
    </ClCompile>
    <ClCompile Include="Source\Engine\Resource\DepthResource\DepthResource.cpp">
      <Filter>Source\Engine\Resource\DepthResource</Filter>
    </ClCompile>
    <ClCompile Include="Source\Engine\RenderContext\MultiPass\RenderTargetPool\RenderTargetPool.cpp">
      <Filter>Source\Engine\RenderContext\MultiPass\RenderTargetPool</Filter>
    </ClCompile>
    <ClCompile Include="Source\Engine\RenderContext\MultiPass\SwapChainCopyPSO\SwapChainCopyPSO.cpp">
      <Filter>Source\Engine\RenderContext\MultiPass\SwapChainCopyPSO</Filter>
    </ClCompile>
    <ClCompile Include="Source\Engine\RenderContext\MultiPass\RenderPassSystem\RenderPassSystem.cpp">
      <Filter>Source\Engine\RenderContext\MultiPass\RenderPassSystem</Filter>
    </ClCompile>
    <ClCompile Include="Source\Engine\RenderContext\ImGuiRender\ImGuiRender.cpp">
      <Filter>Source\Engine\RenderContext\ImGuiRender</Filter>
    </ClCompile>
    <ClCompile Include="Source\Engine\Store\TextureStore\TextureStore.cpp">
      <Filter>Source\Engine\Store\TextureStore</Filter>
    </ClCompile>
    <ClCompile Include="Source\Engine\Func\TextureFunc\TextureFunc.cpp">
      <Filter>Source\Engine\Func\TextureFunc</Filter>
    </ClCompile>
    <ClCompile Include="Source\Engine\Audio\AudioStore\AudioStore.cpp">
      <Filter>Source\Engine\Audio\AudioStore</Filter>
    </ClCompile>
    <ClCompile Include="Source\Engine\RenderContext\Render\RenderSystem\RenderSystem.cpp">
      <Filter>Source\Engine\RenderContext\Render\RenderSystem</Filter>
    </ClCompile>
    <ClCompile Include="Source\Tool\PSO\DynamicPSOBuilder\DynamicPSOBuilder.cpp">
      <Filter>Source\Tool\PSO\DynamicPSOBuilder</Filter>
    </ClCompile>
    <ClCompile Include="Source\Tool\PSO\PSOEditor\PSOEditor.cpp">
      <Filter>Source\Tool\PSO\PSOEditor</Filter>
    </ClCompile>
    <ClCompile Include="Source\Tool\Shader\ShaderEditor\ShaderEditor.cpp">
      <Filter>Source\Tool\Shader\ShaderEditor</Filter>
    </ClCompile>
    <ClCompile Include="Source\Engine\Resource\IndexBufferResource\IndexBufferResource.cpp">
      <Filter>Source\Engine\Resource\IndexBufferResource</Filter>
    </ClCompile>
    <ClCompile Include="Source\Engine\RenderContext\Render\SkyboxSystem\SkyboxPSO\SkyboxPSO.cpp">
      <Filter>Source\Engine\RenderContext\Render\SkyboxSystem\SkyboxPSO</Filter>
    </ClCompile>
    <ClCompile Include="Source\Engine\Func\ModelFunc\ModelFunc.cpp">
      <Filter>Source\Engine\Func\ModelFunc</Filter>
    </ClCompile>
    <ClCompile Include="Source\Engine\RenderContext\Render\SkyboxSystem\SkyboxSystem.cpp">
      <Filter>Source\Engine\RenderContext\Render\SkyboxSystem</Filter>
    </ClCompile>
    <ClCompile Include="Source\Tool\Texture\TextureEditor\TextureEditor.cpp">
      <Filter>Source\Tool\Texture\TextureEditor</Filter>
    </ClCompile>
    <ClCompile Include="Source\Tool\ECS\ECSEditor\ECSEditor.cpp">
      <Filter>Source\Tool\ECS\ECSEditor</Filter>
    </ClCompile>
    <ClCompile Include="Source\Tool\ECS\ECSEditor\InspectorUI\InspectorUI.cpp">
      <Filter>Source\Tool\ECS\ECSEditor\InspectorUI</Filter>
    </ClCompile>
    <ClCompile Include="Source\Tool\ECS\ECSEditor\HierarchyUI\HierarchyUI.cpp">
      <Filter>Source\Tool\ECS\ECSEditor\HierarchyUI</Filter>
    </ClCompile>
  </ItemGroup>
  <ItemGroup>
    <ClInclude Include="Source\Engine\Engine.h">
      <Filter>Source\Engine</Filter>
    </ClInclude>
    <ClInclude Include="Source\Game\Game.h">
      <Filter>Source\Game</Filter>
    </ClInclude>
    <ClInclude Include="Source\Engine\WinApp\WinApp.h">
      <Filter>Source\Engine\WinApp</Filter>
    </ClInclude>
    <ClInclude Include="Source\Engine\Func\ConvertString\ConvertString.h">
      <Filter>Source\Engine\Func\ConvertString</Filter>
    </ClInclude>
    <ClInclude Include="Source\Math\Matrix\Matrix4x4\Matrix4x4.h">
      <Filter>Source\Math\Matrix\Matrix4x4</Filter>
    </ClInclude>
    <ClInclude Include="Source\Math\Matrix\Matrix3x3\Matrix3x3.h">
      <Filter>Source\Math\Matrix\Matrix3x3</Filter>
    </ClInclude>
    <ClInclude Include="Source\Math\Quaternion\Quaternion.h">
      <Filter>Source\Math\Quaternion</Filter>
    </ClInclude>
    <ClInclude Include="Source\Math\Vector\Vector2\Vector2.h">
      <Filter>Source\Math\Vector\Vector2</Filter>
    </ClInclude>
    <ClInclude Include="Source\Math\Vector\Vector3\Vector3.h">
      <Filter>Source\Math\Vector\Vector3</Filter>
    </ClInclude>
    <ClInclude Include="Source\Math\Vector\Vector4\Vector4.h">
      <Filter>Source\Math\Vector\Vector4</Filter>
    </ClInclude>
    <ClInclude Include="Source\Engine\Logger\Logger.h">
      <Filter>Source\Engine\Logger</Filter>
    </ClInclude>
    <ClInclude Include="Source\Engine\Func\CrashHandler\CrashHandler.h">
      <Filter>Source\Engine\Func\CrashHandler</Filter>
    </ClInclude>
    <ClInclude Include="Source\Tool\Shader\ShaderCompiler\ShaderCompiler.h">
      <Filter>Source\Tool\Shader\ShaderCompiler</Filter>
    </ClInclude>
    <ClInclude Include="Source\Engine\RenderContext\RenderContext.h">
      <Filter>Source\Engine\RenderContext</Filter>
    </ClInclude>
    <ClInclude Include="Source\Engine\RenderContext\DXCore\DXCore.h">
      <Filter>Source\Engine\RenderContext\DXCore</Filter>
    </ClInclude>
    <ClInclude Include="Source\Engine\RenderContext\DXCommand\DXCommand.h">
      <Filter>Source\Engine\RenderContext\DXCommand</Filter>
    </ClInclude>
    <ClInclude Include="Source\Engine\DXDebug\DXDebug.h">
      <Filter>Source\Engine\DXDebug</Filter>
    </ClInclude>
    <ClInclude Include="Source\Engine\RenderContext\DXFence\DXFence.h">
      <Filter>Source\Engine\RenderContext\DXFence</Filter>
    </ClInclude>
    <ClInclude Include="Source\Engine\RenderContext\DXHeap\DXHeap.h">
      <Filter>Source\Engine\RenderContext\DXHeap</Filter>
    </ClInclude>
    <ClInclude Include="Source\Engine\RenderContext\DXSwapChain\DXSwapChain.h">
      <Filter>Source\Engine\RenderContext\DXSwapChain</Filter>
    </ClInclude>
    <ClInclude Include="Source\Engine\Func\Barrier\Barrier.h">
      <Filter>Source\Engine\Func\Barrier</Filter>
    </ClInclude>
    <ClInclude Include="Source\Tool\ECS\ComponentECS\ComponentECS.h">
      <Filter>Source\Tool\ECS\ComponentECS</Filter>
    </ClInclude>
    <ClInclude Include="Source\Tool\ECS\RegistryECS\RegistryECS.h">
      <Filter>Source\Tool\ECS\RegistryECS</Filter>
    </ClInclude>
    <ClInclude Include="Source\Tool\ECS\EntityECS\EntityECS.h">
      <Filter>Source\Tool\ECS\EntityECS</Filter>
    </ClInclude>
    <ClInclude Include="Source\Engine\RenderContext\MultiPass\MultiPass.h">
      <Filter>Source\Engine\RenderContext\MultiPass</Filter>
    </ClInclude>
    <ClInclude Include="Source\Engine\Resource\ConstantBufferResource\ConstantBufferResource.h">
      <Filter>Source\Engine\Resource\ConstantBufferResource</Filter>
    </ClInclude>
    <ClInclude Include="Source\Engine\Func\ResourceFunc\ResourceFunc.h">
      <Filter>Source\Engine\Func\ResourceFunc</Filter>
    </ClInclude>
    <ClInclude Include="Source\Engine\Resource\StructuredBufferResource\StructuredBufferResource.h">
      <Filter>Source\Engine\Resource\StructuredBufferResource</Filter>
    </ClInclude>
    <ClInclude Include="Source\Engine\Resource\OffscreenResource\OffscreenResource.h">
      <Filter>Source\Engine\Resource\OffscreenResource</Filter>
    </ClInclude>
    <ClInclude Include="Source\Engine\Resource\DepthResource\DepthResource.h">
      <Filter>Source\Engine\Resource\DepthResource</Filter>
    </ClInclude>
    <ClInclude Include="Source\Engine\RenderContext\MultiPass\RenderTargetPool\RenderTargetPool.h">
      <Filter>Source\Engine\RenderContext\MultiPass\RenderTargetPool</Filter>
    </ClInclude>
    <ClInclude Include="Source\Engine\RenderContext\MultiPass\SwapChainCopyPSO\SwapChainCopyPSO.h">
      <Filter>Source\Engine\RenderContext\MultiPass\SwapChainCopyPSO</Filter>
    </ClInclude>
    <ClInclude Include="Source\Engine\RenderContext\MultiPass\RenderPassSystem\RenderPassSystem.h">
      <Filter>Source\Engine\RenderContext\MultiPass\RenderPassSystem</Filter>
    </ClInclude>
    <ClInclude Include="Source\Engine\RenderContext\ImGuiRender\ImGuiRender.h">
      <Filter>Source\Engine\RenderContext\ImGuiRender</Filter>
    </ClInclude>
    <ClInclude Include="Source\Engine\Store\TextureStore\TextureStore.h">
      <Filter>Source\Engine\Store\TextureStore</Filter>
    </ClInclude>
    <ClInclude Include="Source\Engine\Func\TextureFunc\TextureFunc.h">
      <Filter>Source\Engine\Func\TextureFunc</Filter>
    </ClInclude>
    <ClInclude Include="Source\Engine\Audio\AudioStore\AudioStore.h">
      <Filter>Source\Engine\Audio\AudioStore</Filter>
    </ClInclude>
    <ClInclude Include="Source\Engine\Func\RandomFunc\RandomFunc.h">
      <Filter>Source\Engine\Func\RandomFunc</Filter>
    </ClInclude>
    <ClInclude Include="Source\Engine\RenderContext\Render\RenderSystem\RenderSystem.h">
      <Filter>Source\Engine\RenderContext\Render\RenderSystem</Filter>
    </ClInclude>
    <ClInclude Include="Source\Tool\PSO\PSODescription\PSODescription.h">
      <Filter>Source\Tool\PSO\PSODescription</Filter>
    </ClInclude>
    <ClInclude Include="Source\Tool\PSO\DynamicPSOBuilder\DynamicPSOBuilder.h">
      <Filter>Source\Tool\PSO\DynamicPSOBuilder</Filter>
    </ClInclude>
    <ClInclude Include="Source\Tool\PSO\PSOEditor\PSOEditor.h">
      <Filter>Source\Tool\PSO\PSOEditor</Filter>
    </ClInclude>
    <ClInclude Include="Source\Tool\Shader\ShaderEditor\ShaderEditor.h">
      <Filter>Source\Tool\Shader\ShaderEditor</Filter>
    </ClInclude>
    <ClInclude Include="Source\Engine\Resource\IndexBufferResource\IndexBufferResource.h">
      <Filter>Source\Engine\Resource\IndexBufferResource</Filter>
    </ClInclude>
    <ClInclude Include="Source\Engine\Resource\VertexBufferResource\VertexBufferResource.h">
      <Filter>Source\Engine\Resource\VertexBufferResource</Filter>
    </ClInclude>
    <ClInclude Include="Source\Engine\RenderContext\Render\SkyboxSystem\SkyboxPSO\SkyboxPSO.h">
      <Filter>Source\Engine\RenderContext\Render\SkyboxSystem\SkyboxPSO</Filter>
    </ClInclude>
    <ClInclude Include="Source\Engine\Func\ModelFunc\ModelFunc.h">
      <Filter>Source\Engine\Func\ModelFunc</Filter>
    </ClInclude>
    <ClInclude Include="Source\Engine\RenderContext\Render\SkyboxSystem\SkyboxSystem.h">
      <Filter>Source\Engine\RenderContext\Render\SkyboxSystem</Filter>
    </ClInclude>
    <ClInclude Include="Source\Tool\Texture\TextureEditor\TextureEditor.h">
      <Filter>Source\Tool\Texture\TextureEditor</Filter>
    </ClInclude>
    <ClInclude Include="Source\Tool\ECS\ECSEditor\ECSEditor.h">
      <Filter>Source\Tool\ECS\ECSEditor</Filter>
    </ClInclude>
  </ItemGroup>
  <ItemGroup>
    <FxCompile Include="Assets\Shader\Fullscreen\Fullscreen.VS.hlsl">
      <Filter>Shader\Fullscreen</Filter>
    </FxCompile>
    <FxCompile Include="Assets\Shader\SwapChainCopy\SwapChainCopy.PS.hlsl">
      <Filter>Shader\SwapChainCopy</Filter>
    </FxCompile>
    <FxCompile Include="Assets\Shader\Skybox\Skybox.PS.hlsl">
      <Filter>Shader\Skybox</Filter>
    </FxCompile>
    <FxCompile Include="Assets\Shader\Skybox\Skybox.VS.hlsl">
      <Filter>Shader\Skybox</Filter>
    </FxCompile>
  </ItemGroup>
  <ItemGroup>
    <None Include="Assets\Shader\Fullscreen\Fullscreen.hlsli">
      <Filter>Shader\Fullscreen</Filter>
    </None>
    <None Include="Assets\Shader\Skybox\Skybox.hlsli">
      <Filter>Shader\Skybox</Filter>
    </None>
  </ItemGroup>
</Project>