<?xml version="1.0" encoding="utf-8"?>
<Project ToolsVersion="4.0" xmlns="http://schemas.microsoft.com/developer/msbuild/2003">
  <ItemGroup>
    <Filter Include="Source">
      <UniqueIdentifier>{4FC737F1-C7A5-4376-A066-2A32D752A2FF}</UniqueIdentifier>
      <Extensions>cpp;c;cc;cxx;c++;cppm;ixx;def;odl;idl;hpj;bat;asm;asmx</Extensions>
    </Filter>
    <Filter Include="Source\Engine">
      <UniqueIdentifier>{85d5092b-0273-4bc6-9295-a0f52e35fa44}</UniqueIdentifier>
    </Filter>
    <Filter Include="Source\Game">
      <UniqueIdentifier>{465c62b8-ba41-4921-bffd-b990489be71e}</UniqueIdentifier>
    </Filter>
    <Filter Include="Source\Engine\WinApp">
      <UniqueIdentifier>{01e37e2c-4abe-462d-a78f-5b60c43e6b66}</UniqueIdentifier>
    </Filter>
    <Filter Include="Source\Engine\Func">
      <UniqueIdentifier>{e0c3f47b-141f-43e3-b983-023c345686b5}</UniqueIdentifier>
    </Filter>
    <Filter Include="Source\Engine\Func\ConvertString">
      <UniqueIdentifier>{badfd8f0-2cc9-4676-8157-45f7585708a1}</UniqueIdentifier>
    </Filter>
    <Filter Include="Source\Math">
      <UniqueIdentifier>{34d019a1-8697-4a15-a512-dded0008e1aa}</UniqueIdentifier>
    </Filter>
    <Filter Include="Source\Math\Matrix">
      <UniqueIdentifier>{31c9a3ef-0ed1-430b-846c-250e31c7790a}</UniqueIdentifier>
    </Filter>
    <Filter Include="Source\Math\Vector">
      <UniqueIdentifier>{dfa0b0b3-788b-41ce-ae2d-3aec625afe05}</UniqueIdentifier>
    </Filter>
    <Filter Include="Source\Math\Quaternion">
      <UniqueIdentifier>{f701e057-b977-43a2-a392-7618bf2b0029}</UniqueIdentifier>
    </Filter>
    <Filter Include="Source\Math\Matrix\Matrix4x4">
      <UniqueIdentifier>{3dec66e0-3f81-4194-b880-4704225cd4a9}</UniqueIdentifier>
    </Filter>
    <Filter Include="Source\Math\Matrix\Matrix3x3">
      <UniqueIdentifier>{7ce12766-21cd-4294-bee7-ff3f8b115534}</UniqueIdentifier>
    </Filter>
    <Filter Include="Source\Math\Vector\Vector2">
      <UniqueIdentifier>{217b05d3-0c19-4dbe-9ac7-fca77a5a852d}</UniqueIdentifier>
    </Filter>
    <Filter Include="Source\Math\Vector\Vector3">
      <UniqueIdentifier>{257ff5c3-3f25-4d99-8eac-5dbe54297374}</UniqueIdentifier>
    </Filter>
    <Filter Include="Source\Math\Vector\Vector4">
      <UniqueIdentifier>{845236ab-d7f3-4673-bb1a-e4915fcca19c}</UniqueIdentifier>
    </Filter>
    <Filter Include="Source\Engine\Logger">
      <UniqueIdentifier>{57125a32-a15f-4814-80f3-2a658f909ab7}</UniqueIdentifier>
    </Filter>
    <Filter Include="Source\Engine\Func\CrashHandler">
      <UniqueIdentifier>{4efaad5f-64d7-472d-a96d-c1663f83cbf0}</UniqueIdentifier>
    </Filter>
    <Filter Include="Source\Engine\ShaderCompiler">
      <UniqueIdentifier>{c6dc3cf3-3fb1-4b17-89d7-e6a9da5960d3}</UniqueIdentifier>
    </Filter>
    <Filter Include="Source\Engine\RenderContext">
      <UniqueIdentifier>{73c90f85-23c0-4a4d-bc05-b0136a019bc9}</UniqueIdentifier>
    </Filter>
    <Filter Include="Source\Engine\RenderContext\DXCore">
      <UniqueIdentifier>{d08dbafc-e64f-4e2b-94ba-41f02160d595}</UniqueIdentifier>
    </Filter>
    <Filter Include="Source\Engine\RenderContext\DXCommand">
      <UniqueIdentifier>{0529099d-8a87-4c04-a539-1afeb9fbe247}</UniqueIdentifier>
    </Filter>
    <Filter Include="Source\Engine\DXDebug">
      <UniqueIdentifier>{3324bf0c-a359-474d-9693-678f9b2f16cc}</UniqueIdentifier>
    </Filter>
    <Filter Include="Source\Engine\RenderContext\DXFence">
      <UniqueIdentifier>{a8d01a38-6c07-4fea-a7c5-6ecbd9a6b0af}</UniqueIdentifier>
    </Filter>
    <Filter Include="Source\Engine\RenderContext\DXHeap">
      <UniqueIdentifier>{b3430498-9cf6-4db4-848a-973844b24b67}</UniqueIdentifier>
    </Filter>
    <Filter Include="Source\Engine\RenderContext\DXSwapChain">
      <UniqueIdentifier>{144b6966-4a84-4710-9b77-8b9fc4d5c5e6}</UniqueIdentifier>
    </Filter>
  </ItemGroup>
  <ItemGroup>
    <ClCompile Include="Source\Engine\Engine.cpp">
      <Filter>Source\Engine</Filter>
    </ClCompile>
    <ClCompile Include="Source\Game\Game.cpp">
      <Filter>Source\Game</Filter>
    </ClCompile>
    <ClCompile Include="Source\Engine\WinApp\WinApp.cpp">
      <Filter>Source\Engine\WinApp</Filter>
    </ClCompile>
    <ClCompile Include="Source\Engine\Func\ConvertString\ConvertString.cpp">
      <Filter>Source\Engine\Func\ConvertString</Filter>
    </ClCompile>
    <ClCompile Include="Source\Math\Matrix\Matrix4x4\Matrix4x4.cpp">
      <Filter>Source\Math\Matrix\Matrix4x4</Filter>
    </ClCompile>
    <ClCompile Include="Source\Math\Matrix\Matrix3x3\Matrix3x3.cpp">
      <Filter>Source\Math\Matrix\Matrix3x3</Filter>
    </ClCompile>
    <ClCompile Include="Source\Math\Quaternion\Quaternion.cpp">
      <Filter>Source\Math\Quaternion</Filter>
    </ClCompile>
    <ClCompile Include="Source\Math\Vector\Vector2\Vector2.cpp">
      <Filter>Source\Math\Vector\Vector2</Filter>
    </ClCompile>
    <ClCompile Include="Source\Math\Vector\Vector3\Vector3.cpp">
      <Filter>Source\Math\Vector\Vector3</Filter>
    </ClCompile>
    <ClCompile Include="Source\Math\Vector\Vector4\Vector4.cpp">
      <Filter>Source\Math\Vector\Vector4</Filter>
    </ClCompile>
    <ClCompile Include="main.cpp">
      <Filter>Source</Filter>
    </ClCompile>
    <ClCompile Include="Source\Engine\Logger\Logger.cpp">
      <Filter>Source\Engine\Logger</Filter>
    </ClCompile>
    <ClCompile Include="Source\Engine\Func\CrashHandler\CrashHandler.cpp">
      <Filter>Source\Engine\Func\CrashHandler</Filter>
    </ClCompile>
    <ClCompile Include="Source\Engine\ShaderCompiler\ShaderCompiler.cpp">
      <Filter>Source\Engine\ShaderCompiler</Filter>
    </ClCompile>
    <ClCompile Include="Source\Engine\RenderContext\RenderContext.cpp">
      <Filter>Source\Engine\RenderContext</Filter>
    </ClCompile>
    <ClCompile Include="Source\Engine\RenderContext\DXCore\DXCore.cpp">
      <Filter>Source\Engine\RenderContext\DXCore</Filter>
    </ClCompile>
    <ClCompile Include="Source\Engine\RenderContext\DXCommand\DXCommand.cpp">
      <Filter>Source\Engine\RenderContext\DXCommand</Filter>
    </ClCompile>
    <ClCompile Include="Source\Engine\DXDebug\DXDebug.cpp">
      <Filter>Source\Engine\DXDebug</Filter>
    </ClCompile>
    <ClCompile Include="Source\Engine\RenderContext\DXFence\DXFence.cpp">
      <Filter>Source\Engine\RenderContext\DXFence</Filter>
    </ClCompile>
    <ClCompile Include="Source\Engine\RenderContext\DXHeap\DXHeap.cpp">
      <Filter>Source\Engine\RenderContext\DXHeap</Filter>
    </ClCompile>
    <ClCompile Include="Source\Engine\RenderContext\DXSwapChain\DXSwapChain.cpp">
      <Filter>Source\Engine\RenderContext\DXSwapChain</Filter>
    </ClCompile>
  </ItemGroup>
  <ItemGroup>
    <ClInclude Include="Source\Engine\Engine.h">
      <Filter>Source\Engine</Filter>
    </ClInclude>
    <ClInclude Include="Source\Game\Game.h">
      <Filter>Source\Game</Filter>
    </ClInclude>
    <ClInclude Include="Source\Engine\WinApp\WinApp.h">
      <Filter>Source\Engine\WinApp</Filter>
    </ClInclude>
    <ClInclude Include="Source\Engine\Func\ConvertString\ConvertString.h">
      <Filter>Source\Engine\Func\ConvertString</Filter>
    </ClInclude>
    <ClInclude Include="Source\Math\Matrix\Matrix4x4\Matrix4x4.h">
      <Filter>Source\Math\Matrix\Matrix4x4</Filter>
    </ClInclude>
    <ClInclude Include="Source\Math\Matrix\Matrix3x3\Matrix3x3.h">
      <Filter>Source\Math\Matrix\Matrix3x3</Filter>
    </ClInclude>
    <ClInclude Include="Source\Math\Quaternion\Quaternion.h">
      <Filter>Source\Math\Quaternion</Filter>
    </ClInclude>
    <ClInclude Include="Source\Math\Vector\Vector2\Vector2.h">
      <Filter>Source\Math\Vector\Vector2</Filter>
    </ClInclude>
    <ClInclude Include="Source\Math\Vector\Vector3\Vector3.h">
      <Filter>Source\Math\Vector\Vector3</Filter>
    </ClInclude>
    <ClInclude Include="Source\Math\Vector\Vector4\Vector4.h">
      <Filter>Source\Math\Vector\Vector4</Filter>
    </ClInclude>
    <ClInclude Include="Source\Engine\Logger\Logger.h">
      <Filter>Source\Engine\Logger</Filter>
    </ClInclude>
    <ClInclude Include="Source\Engine\Func\CrashHandler\CrashHandler.h">
      <Filter>Source\Engine\Func\CrashHandler</Filter>
    </ClInclude>
    <ClInclude Include="Source\Engine\ShaderCompiler\ShaderCompiler.h">
      <Filter>Source\Engine\ShaderCompiler</Filter>
    </ClInclude>
    <ClInclude Include="Source\Engine\RenderContext\RenderContext.h">
      <Filter>Source\Engine\RenderContext</Filter>
    </ClInclude>
    <ClInclude Include="Source\Engine\RenderContext\DXCore\DXCore.h">
      <Filter>Source\Engine\RenderContext\DXCore</Filter>
    </ClInclude>
    <ClInclude Include="Source\Engine\RenderContext\DXCommand\DXCommand.h">
      <Filter>Source\Engine\RenderContext\DXCommand</Filter>
    </ClInclude>
    <ClInclude Include="Source\Engine\DXDebug\DXDebug.h">
      <Filter>Source\Engine\DXDebug</Filter>
    </ClInclude>
    <ClInclude Include="Source\Engine\RenderContext\DXFence\DXFence.h">
      <Filter>Source\Engine\RenderContext\DXFence</Filter>
    </ClInclude>
    <ClInclude Include="Source\Engine\RenderContext\DXHeap\DXHeap.h">
      <Filter>Source\Engine\RenderContext\DXHeap</Filter>
    </ClInclude>
    <ClInclude Include="Source\Engine\RenderContext\DXSwapChain\DXSwapChain.h">
      <Filter>Source\Engine\RenderContext\DXSwapChain</Filter>
    </ClInclude>
  </ItemGroup>
</Project>